// !$*UTF8*$!
{
	archiveVersion = 1;
	classes = {
	};
	objectVersion = 56;
	objects = {

/* Begin PBXBuildFile section */
		E9514C2A2BA1D67800DE6730 /* SearchView.swift in Sources */ = {isa = PBXBuildFile; fileRef = E9514C292BA1D67800DE6730 /* SearchView.swift */; };
		E98910CF2BA508B800ACC27F /* IGTextFieldModifier.swift in Sources */ = {isa = PBXBuildFile; fileRef = E98910CE2BA508B800ACC27F /* IGTextFieldModifier.swift */; };
		E98910D12BA50A3000ACC27F /* IGButtonModifier.swift in Sources */ = {isa = PBXBuildFile; fileRef = E98910D02BA50A3000ACC27F /* IGButtonModifier.swift */; };
		E98910D32BA50AED00ACC27F /* CreateUsernameView.swift in Sources */ = {isa = PBXBuildFile; fileRef = E98910D22BA50AED00ACC27F /* CreateUsernameView.swift */; };
		E98910D52BA515E800ACC27F /* CreatePasswordView.swift in Sources */ = {isa = PBXBuildFile; fileRef = E98910D42BA515E700ACC27F /* CreatePasswordView.swift */; };
		E98910D72BA5184100ACC27F /* CompleteSignUpView.swift in Sources */ = {isa = PBXBuildFile; fileRef = E98910D62BA5184100ACC27F /* CompleteSignUpView.swift */; };
		E98910D92BA51E9500ACC27F /* User.swift in Sources */ = {isa = PBXBuildFile; fileRef = E98910D82BA51E9500ACC27F /* User.swift */; };
		E9A2E9672BA378CF00BE1A17 /* VT323.ttf in Resources */ = {isa = PBXBuildFile; fileRef = E9A2E9662BA378CE00BE1A17 /* VT323.ttf */; };
		E9A2E9692BA378DE00BE1A17 /* Fira Sans Extra Condensed.ttf in Resources */ = {isa = PBXBuildFile; fileRef = E9A2E9682BA378DE00BE1A17 /* Fira Sans Extra Condensed.ttf */; };
		E9A2E96B2BA384A400BE1A17 /* addEmailView.swift in Sources */ = {isa = PBXBuildFile; fileRef = E9A2E96A2BA384A400BE1A17 /* addEmailView.swift */; };
		E9A4CF9E2BA55D0600813D28 /* CurrentUserProfileView.swift in Sources */ = {isa = PBXBuildFile; fileRef = E9A4CF9D2BA55D0600813D28 /* CurrentUserProfileView.swift */; };
		E9A4CFA02BA5712400813D28 /* Post.swift in Sources */ = {isa = PBXBuildFile; fileRef = E9A4CF9F2BA5712400813D28 /* Post.swift */; };
		E9BA84862B9D8A4600A59542 /* InstagramApp.swift in Sources */ = {isa = PBXBuildFile; fileRef = E9BA84852B9D8A4600A59542 /* InstagramApp.swift */; };
		E9BA84882B9D8A4600A59542 /* ContentView.swift in Sources */ = {isa = PBXBuildFile; fileRef = E9BA84872B9D8A4600A59542 /* ContentView.swift */; };
		E9BA848A2B9D8A4C00A59542 /* Assets.xcassets in Resources */ = {isa = PBXBuildFile; fileRef = E9BA84892B9D8A4C00A59542 /* Assets.xcassets */; };
		E9BA848D2B9D8A4C00A59542 /* Preview Assets.xcassets in Resources */ = {isa = PBXBuildFile; fileRef = E9BA848C2B9D8A4C00A59542 /* Preview Assets.xcassets */; };
		E9BA84A22B9D985200A59542 /* MainTabBar.swift in Sources */ = {isa = PBXBuildFile; fileRef = E9BA84A12B9D985200A59542 /* MainTabBar.swift */; };
		E9BA84A42B9DBF1500A59542 /* ProfileView.swift in Sources */ = {isa = PBXBuildFile; fileRef = E9BA84A32B9DBF1500A59542 /* ProfileView.swift */; };
		E9BA84A72B9DDF9A00A59542 /* UserStatView.swift in Sources */ = {isa = PBXBuildFile; fileRef = E9BA84A62B9DDF9A00A59542 /* UserStatView.swift */; };
		E9BA84A92B9DEA1300A59542 /* storiesSection.swift in Sources */ = {isa = PBXBuildFile; fileRef = E9BA84A82B9DEA1300A59542 /* storiesSection.swift */; };
		E9BA84AB2B9E152000A59542 /* CircleTest.swift in Sources */ = {isa = PBXBuildFile; fileRef = E9BA84AA2B9E152000A59542 /* CircleTest.swift */; };
		E9BA84AD2B9E1F6B00A59542 /* FeedView.swift in Sources */ = {isa = PBXBuildFile; fileRef = E9BA84AC2B9E1F6B00A59542 /* FeedView.swift */; };
		E9BA84AF2B9E1F7500A59542 /* FeedCell.swift in Sources */ = {isa = PBXBuildFile; fileRef = E9BA84AE2B9E1F7500A59542 /* FeedCell.swift */; };
		E9DECDFB2BA3050B00DE6897 /* LoginView.swift in Sources */ = {isa = PBXBuildFile; fileRef = E9DECDFA2BA3050B00DE6897 /* LoginView.swift */; };
/* End PBXBuildFile section */

/* Begin PBXFileReference section */
		E9514C292BA1D67800DE6730 /* SearchView.swift */ = {isa = PBXFileReference; lastKnownFileType = sourcecode.swift; path = SearchView.swift; sourceTree = "<group>"; };
		E98910CE2BA508B800ACC27F /* IGTextFieldModifier.swift */ = {isa = PBXFileReference; lastKnownFileType = sourcecode.swift; path = IGTextFieldModifier.swift; sourceTree = "<group>"; };
		E98910D02BA50A3000ACC27F /* IGButtonModifier.swift */ = {isa = PBXFileReference; lastKnownFileType = sourcecode.swift; path = IGButtonModifier.swift; sourceTree = "<group>"; };
		E98910D22BA50AED00ACC27F /* CreateUsernameView.swift */ = {isa = PBXFileReference; lastKnownFileType = sourcecode.swift; path = CreateUsernameView.swift; sourceTree = "<group>"; };
		E98910D42BA515E700ACC27F /* CreatePasswordView.swift */ = {isa = PBXFileReference; lastKnownFileType = sourcecode.swift; path = CreatePasswordView.swift; sourceTree = "<group>"; };
		E98910D62BA5184100ACC27F /* CompleteSignUpView.swift */ = {isa = PBXFileReference; lastKnownFileType = sourcecode.swift; path = CompleteSignUpView.swift; sourceTree = "<group>"; };
		E98910D82BA51E9500ACC27F /* User.swift */ = {isa = PBXFileReference; lastKnownFileType = sourcecode.swift; name = User.swift; path = Instagram/Model/User.swift; sourceTree = SOURCE_ROOT; };
		E9A2E95C2BA356D400BE1A17 /* Fira Sans Extra Condensed.ttf */ = {isa = PBXFileReference; lastKnownFileType = file; name = "Fira Sans Extra Condensed.ttf"; path = "../../../../Downloads/krypticgram-brand-zip-file/fonts/Fira Sans Extra Condensed.ttf"; sourceTree = "<group>"; };
		E9A2E9632BA3581E00BE1A17 /* Info.plist */ = {isa = PBXFileReference; lastKnownFileType = text.plist; path = Info.plist; sourceTree = "<group>"; };
		E9A2E9662BA378CE00BE1A17 /* VT323.ttf */ = {isa = PBXFileReference; lastKnownFileType = file; path = VT323.ttf; sourceTree = "<group>"; };
		E9A2E9682BA378DE00BE1A17 /* Fira Sans Extra Condensed.ttf */ = {isa = PBXFileReference; lastKnownFileType = file; path = "Fira Sans Extra Condensed.ttf"; sourceTree = "<group>"; };
		E9A2E96A2BA384A400BE1A17 /* addEmailView.swift */ = {isa = PBXFileReference; lastKnownFileType = sourcecode.swift; path = addEmailView.swift; sourceTree = "<group>"; };
		E9A4CF9D2BA55D0600813D28 /* CurrentUserProfileView.swift */ = {isa = PBXFileReference; lastKnownFileType = sourcecode.swift; path = CurrentUserProfileView.swift; sourceTree = "<group>"; };
		E9A4CF9F2BA5712400813D28 /* Post.swift */ = {isa = PBXFileReference; lastKnownFileType = sourcecode.swift; name = Post.swift; path = Instagram/Model/Post.swift; sourceTree = SOURCE_ROOT; };
		E9BA84822B9D8A4600A59542 /* Instagram.app */ = {isa = PBXFileReference; explicitFileType = wrapper.application; includeInIndex = 0; path = Instagram.app; sourceTree = BUILT_PRODUCTS_DIR; };
		E9BA84852B9D8A4600A59542 /* InstagramApp.swift */ = {isa = PBXFileReference; lastKnownFileType = sourcecode.swift; path = InstagramApp.swift; sourceTree = "<group>"; };
		E9BA84872B9D8A4600A59542 /* ContentView.swift */ = {isa = PBXFileReference; lastKnownFileType = sourcecode.swift; path = ContentView.swift; sourceTree = "<group>"; };
		E9BA84892B9D8A4C00A59542 /* Assets.xcassets */ = {isa = PBXFileReference; lastKnownFileType = folder.assetcatalog; path = Assets.xcassets; sourceTree = "<group>"; };
		E9BA848C2B9D8A4C00A59542 /* Preview Assets.xcassets */ = {isa = PBXFileReference; lastKnownFileType = folder.assetcatalog; path = "Preview Assets.xcassets"; sourceTree = "<group>"; };
		E9BA84A12B9D985200A59542 /* MainTabBar.swift */ = {isa = PBXFileReference; lastKnownFileType = sourcecode.swift; path = MainTabBar.swift; sourceTree = "<group>"; };
		E9BA84A32B9DBF1500A59542 /* ProfileView.swift */ = {isa = PBXFileReference; lastKnownFileType = sourcecode.swift; path = ProfileView.swift; sourceTree = "<group>"; };
		E9BA84A62B9DDF9A00A59542 /* UserStatView.swift */ = {isa = PBXFileReference; lastKnownFileType = sourcecode.swift; path = UserStatView.swift; sourceTree = "<group>"; };
		E9BA84A82B9DEA1300A59542 /* storiesSection.swift */ = {isa = PBXFileReference; lastKnownFileType = sourcecode.swift; path = storiesSection.swift; sourceTree = "<group>"; };
		E9BA84AA2B9E152000A59542 /* CircleTest.swift */ = {isa = PBXFileReference; lastKnownFileType = sourcecode.swift; path = CircleTest.swift; sourceTree = "<group>"; };
		E9BA84AC2B9E1F6B00A59542 /* FeedView.swift */ = {isa = PBXFileReference; lastKnownFileType = sourcecode.swift; path = FeedView.swift; sourceTree = "<group>"; };
		E9BA84AE2B9E1F7500A59542 /* FeedCell.swift */ = {isa = PBXFileReference; lastKnownFileType = sourcecode.swift; path = FeedCell.swift; sourceTree = "<group>"; };
		E9DECDFA2BA3050B00DE6897 /* LoginView.swift */ = {isa = PBXFileReference; lastKnownFileType = sourcecode.swift; path = LoginView.swift; sourceTree = "<group>"; };
/* End PBXFileReference section */

/* Begin PBXFrameworksBuildPhase section */
		E9BA847F2B9D8A4600A59542 /* Frameworks */ = {
			isa = PBXFrameworksBuildPhase;
			buildActionMask = 2147483647;
			files = (
			);
			runOnlyForDeploymentPostprocessing = 0;
		};
/* End PBXFrameworksBuildPhase section */

/* Begin PBXGroup section */
		E9A2E9652BA3788600BE1A17 /* Fonts */ = {
			isa = PBXGroup;
			children = (
				E9A2E9662BA378CE00BE1A17 /* VT323.ttf */,
				E9A2E9682BA378DE00BE1A17 /* Fira Sans Extra Condensed.ttf */,
			);
			path = Fonts;
			sourceTree = "<group>";
		};
		E9A4CFA12BA5969100813D28 /* Services */ = {
			isa = PBXGroup;
			children = (
			);
			path = Services;
			sourceTree = "<group>";
		};
		E9A4CFA22BA5969800813D28 /* Model */ = {
			isa = PBXGroup;
			children = (
				E98910D82BA51E9500ACC27F /* User.swift */,
				E9A4CF9F2BA5712400813D28 /* Post.swift */,
			);
			path = Model;
			sourceTree = "<group>";
		};
		E9BA84792B9D8A4600A59542 = {
			isa = PBXGroup;
			children = (
				E9BA84842B9D8A4600A59542 /* Instagram */,
				E9BA84832B9D8A4600A59542 /* Products */,
			);
			sourceTree = "<group>";
		};
		E9BA84832B9D8A4600A59542 /* Products */ = {
			isa = PBXGroup;
			children = (
				E9BA84822B9D8A4600A59542 /* Instagram.app */,
			);
			name = Products;
			sourceTree = "<group>";
		};
		E9BA84842B9D8A4600A59542 /* Instagram */ = {
			isa = PBXGroup;
			children = (
				E9A4CFA22BA5969800813D28 /* Model */,
				E9A4CFA12BA5969100813D28 /* Services */,
				E9A2E9652BA3788600BE1A17 /* Fonts */,
				E9A2E9632BA3581E00BE1A17 /* Info.plist */,
				E9BA84972B9D8A8700A59542 /* App */,
				E9BA84962B9D8A8000A59542 /* Core */,
				E9BA84952B9D8A8000A59542 /* Extensions */,
				E9BA84872B9D8A4600A59542 /* ContentView.swift */,
				E9BA84892B9D8A4C00A59542 /* Assets.xcassets */,
				E9BA848B2B9D8A4C00A59542 /* Preview Content */,
			);
			path = Instagram;
			sourceTree = "<group>";
		};
		E9BA848B2B9D8A4C00A59542 /* Preview Content */ = {
			isa = PBXGroup;
			children = (
				E9BA848C2B9D8A4C00A59542 /* Preview Assets.xcassets */,
			);
			path = "Preview Content";
			sourceTree = "<group>";
		};
		E9BA84952B9D8A8000A59542 /* Extensions */ = {
			isa = PBXGroup;
			children = (
			);
			name = Extensions;
			sourceTree = "<group>";
		};
		E9BA84962B9D8A8000A59542 /* Core */ = {
			isa = PBXGroup;
			children = (
				E9BA84A52B9DDF7F00A59542 /* Component */,
				E9BA84982B9D8B2000A59542 /* Authentication */,
				E9BA84992B9D8E1300A59542 /* Feed */,
				E9BA849B2B9D8E6500A59542 /* Profile */,
				E9BA849D2B9D8E7000A59542 /* Root */,
				E9BA849E2B9D8E7D00A59542 /* Search */,
				E9BA849F2B9D8ED300A59542 /* TabBar */,
				E9BA84A02B9D8ED800A59542 /* UploadPost */,
			);
			name = Core;
			sourceTree = "<group>";
		};
		E9BA84972B9D8A8700A59542 /* App */ = {
			isa = PBXGroup;
			children = (
				E9BA84852B9D8A4600A59542 /* InstagramApp.swift */,
			);
			path = App;
			sourceTree = "<group>";
		};
		E9BA84982B9D8B2000A59542 /* Authentication */ = {
			isa = PBXGroup;
			children = (
				E9DECDFA2BA3050B00DE6897 /* LoginView.swift */,
				E9A2E96A2BA384A400BE1A17 /* addEmailView.swift */,
				E98910D22BA50AED00ACC27F /* CreateUsernameView.swift */,
				E98910D42BA515E700ACC27F /* CreatePasswordView.swift */,
				E98910D62BA5184100ACC27F /* CompleteSignUpView.swift */,
			);
			name = Authentication;
			sourceTree = "<group>";
		};
		E9BA84992B9D8E1300A59542 /* Feed */ = {
			isa = PBXGroup;
			children = (
				E9BA84A82B9DEA1300A59542 /* storiesSection.swift */,
				E9BA84AA2B9E152000A59542 /* CircleTest.swift */,
				E9BA84AC2B9E1F6B00A59542 /* FeedView.swift */,
				E9BA84AE2B9E1F7500A59542 /* FeedCell.swift */,
			);
			name = Feed;
			sourceTree = "<group>";
		};
		E9BA849B2B9D8E6500A59542 /* Profile */ = {
			isa = PBXGroup;
			children = (
				E9BA84A32B9DBF1500A59542 /* ProfileView.swift */,
				E9A4CF9D2BA55D0600813D28 /* CurrentUserProfileView.swift */,
			);
			name = Profile;
			sourceTree = "<group>";
		};
		E9BA849D2B9D8E7000A59542 /* Root */ = {
			isa = PBXGroup;
			children = (
			);
			name = Root;
			sourceTree = "<group>";
		};
		E9BA849E2B9D8E7D00A59542 /* Search */ = {
			isa = PBXGroup;
			children = (
				E9514C292BA1D67800DE6730 /* SearchView.swift */,
			);
			name = Search;
			sourceTree = "<group>";
		};
		E9BA849F2B9D8ED300A59542 /* TabBar */ = {
			isa = PBXGroup;
			children = (
				E9BA84A12B9D985200A59542 /* MainTabBar.swift */,
				E9A2E95C2BA356D400BE1A17 /* Fira Sans Extra Condensed.ttf */,
			);
			name = TabBar;
			sourceTree = "<group>";
		};
		E9BA84A02B9D8ED800A59542 /* UploadPost */ = {
			isa = PBXGroup;
			children = (
			);
			name = UploadPost;
			sourceTree = "<group>";
		};
		E9BA84A52B9DDF7F00A59542 /* Component */ = {
			isa = PBXGroup;
			children = (
				E9BA84A62B9DDF9A00A59542 /* UserStatView.swift */,
				E98910CE2BA508B800ACC27F /* IGTextFieldModifier.swift */,
				E98910D02BA50A3000ACC27F /* IGButtonModifier.swift */,
			);
			name = Component;
			sourceTree = "<group>";
		};
/* End PBXGroup section */

/* Begin PBXNativeTarget section */
		E9BA84812B9D8A4600A59542 /* Instagram */ = {
			isa = PBXNativeTarget;
			buildConfigurationList = E9BA84902B9D8A4C00A59542 /* Build configuration list for PBXNativeTarget "Instagram" */;
			buildPhases = (
				E9BA847E2B9D8A4600A59542 /* Sources */,
				E9BA847F2B9D8A4600A59542 /* Frameworks */,
				E9BA84802B9D8A4600A59542 /* Resources */,
			);
			buildRules = (
			);
			dependencies = (
			);
			name = Instagram;
			productName = Instagram;
			productReference = E9BA84822B9D8A4600A59542 /* Instagram.app */;
			productType = "com.apple.product-type.application";
		};
/* End PBXNativeTarget section */

/* Begin PBXProject section */
		E9BA847A2B9D8A4600A59542 /* Project object */ = {
			isa = PBXProject;
			attributes = {
				BuildIndependentTargetsInParallel = 1;
				LastSwiftUpdateCheck = 1500;
				LastUpgradeCheck = 1500;
				TargetAttributes = {
					E9BA84812B9D8A4600A59542 = {
						CreatedOnToolsVersion = 15.0.1;
					};
				};
			};
			buildConfigurationList = E9BA847D2B9D8A4600A59542 /* Build configuration list for PBXProject "Instagram" */;
			compatibilityVersion = "Xcode 14.0";
			developmentRegion = en;
			hasScannedForEncodings = 0;
			knownRegions = (
				en,
				Base,
			);
			mainGroup = E9BA84792B9D8A4600A59542;
			productRefGroup = E9BA84832B9D8A4600A59542 /* Products */;
			projectDirPath = "";
			projectRoot = "";
			targets = (
				E9BA84812B9D8A4600A59542 /* Instagram */,
			);
		};
/* End PBXProject section */

/* Begin PBXResourcesBuildPhase section */
		E9BA84802B9D8A4600A59542 /* Resources */ = {
			isa = PBXResourcesBuildPhase;
			buildActionMask = 2147483647;
			files = (
				E9BA848D2B9D8A4C00A59542 /* Preview Assets.xcassets in Resources */,
				E9BA848A2B9D8A4C00A59542 /* Assets.xcassets in Resources */,
				E9A2E9672BA378CF00BE1A17 /* VT323.ttf in Resources */,
				E9A2E9692BA378DE00BE1A17 /* Fira Sans Extra Condensed.ttf in Resources */,
			);
			runOnlyForDeploymentPostprocessing = 0;
		};
/* End PBXResourcesBuildPhase section */

/* Begin PBXSourcesBuildPhase section */
		E9BA847E2B9D8A4600A59542 /* Sources */ = {
			isa = PBXSourcesBuildPhase;
			buildActionMask = 2147483647;
			files = (
				E9514C2A2BA1D67800DE6730 /* SearchView.swift in Sources */,
				E9A4CF9E2BA55D0600813D28 /* CurrentUserProfileView.swift in Sources */,
				E9A2E96B2BA384A400BE1A17 /* addEmailView.swift in Sources */,
				E9BA84AD2B9E1F6B00A59542 /* FeedView.swift in Sources */,
				E9BA84A42B9DBF1500A59542 /* ProfileView.swift in Sources */,
				E9BA84A22B9D985200A59542 /* MainTabBar.swift in Sources */,
				E98910D52BA515E800ACC27F /* CreatePasswordView.swift in Sources */,
				E98910CF2BA508B800ACC27F /* IGTextFieldModifier.swift in Sources */,
				E98910D32BA50AED00ACC27F /* CreateUsernameView.swift in Sources */,
				E98910D12BA50A3000ACC27F /* IGButtonModifier.swift in Sources */,
				E9BA84882B9D8A4600A59542 /* ContentView.swift in Sources */,
				E9BA84862B9D8A4600A59542 /* InstagramApp.swift in Sources */,
				E9BA84A72B9DDF9A00A59542 /* UserStatView.swift in Sources */,
				E9BA84AB2B9E152000A59542 /* CircleTest.swift in Sources */,
				E9DECDFB2BA3050B00DE6897 /* LoginView.swift in Sources */,
				E98910D92BA51E9500ACC27F /* User.swift in Sources */,
				E9BA84A92B9DEA1300A59542 /* storiesSection.swift in Sources */,
				E98910D72BA5184100ACC27F /* CompleteSignUpView.swift in Sources */,
				E9BA84AF2B9E1F7500A59542 /* FeedCell.swift in Sources */,
				E9A4CFA02BA5712400813D28 /* Post.swift in Sources */,
			);
			runOnlyForDeploymentPostprocessing = 0;
		};
/* End PBXSourcesBuildPhase section */

/* Begin XCBuildConfiguration section */
		E9BA848E2B9D8A4C00A59542 /* Debug */ = {
			isa = XCBuildConfiguration;
			buildSettings = {
				ALWAYS_SEARCH_USER_PATHS = NO;
				ASSETCATALOG_COMPILER_GENERATE_SWIFT_ASSET_SYMBOL_EXTENSIONS = YES;
				CLANG_ANALYZER_NONNULL = YES;
				CLANG_ANALYZER_NUMBER_OBJECT_CONVERSION = YES_AGGRESSIVE;
				CLANG_CXX_LANGUAGE_STANDARD = "gnu++20";
				CLANG_ENABLE_MODULES = YES;
				CLANG_ENABLE_OBJC_ARC = YES;
				CLANG_ENABLE_OBJC_WEAK = YES;
				CLANG_WARN_BLOCK_CAPTURE_AUTORELEASING = YES;
				CLANG_WARN_BOOL_CONVERSION = YES;
				CLANG_WARN_COMMA = YES;
				CLANG_WARN_CONSTANT_CONVERSION = YES;
				CLANG_WARN_DEPRECATED_OBJC_IMPLEMENTATIONS = YES;
				CLANG_WARN_DIRECT_OBJC_ISA_USAGE = YES_ERROR;
				CLANG_WARN_DOCUMENTATION_COMMENTS = YES;
				CLANG_WARN_EMPTY_BODY = YES;
				CLANG_WARN_ENUM_CONVERSION = YES;
				CLANG_WARN_INFINITE_RECURSION = YES;
				CLANG_WARN_INT_CONVERSION = YES;
				CLANG_WARN_NON_LITERAL_NULL_CONVERSION = YES;
				CLANG_WARN_OBJC_IMPLICIT_RETAIN_SELF = YES;
				CLANG_WARN_OBJC_LITERAL_CONVERSION = YES;
				CLANG_WARN_OBJC_ROOT_CLASS = YES_ERROR;
				CLANG_WARN_QUOTED_INCLUDE_IN_FRAMEWORK_HEADER = YES;
				CLANG_WARN_RANGE_LOOP_ANALYSIS = YES;
				CLANG_WARN_STRICT_PROTOTYPES = YES;
				CLANG_WARN_SUSPICIOUS_MOVE = YES;
				CLANG_WARN_UNGUARDED_AVAILABILITY = YES_AGGRESSIVE;
				CLANG_WARN_UNREACHABLE_CODE = YES;
				CLANG_WARN__DUPLICATE_METHOD_MATCH = YES;
				COPY_PHASE_STRIP = NO;
				DEBUG_INFORMATION_FORMAT = dwarf;
				ENABLE_STRICT_OBJC_MSGSEND = YES;
				ENABLE_TESTABILITY = YES;
				ENABLE_USER_SCRIPT_SANDBOXING = YES;
				GCC_C_LANGUAGE_STANDARD = gnu17;
				GCC_DYNAMIC_NO_PIC = NO;
				GCC_NO_COMMON_BLOCKS = YES;
				GCC_OPTIMIZATION_LEVEL = 0;
				GCC_PREPROCESSOR_DEFINITIONS = (
					"DEBUG=1",
					"$(inherited)",
				);
				GCC_WARN_64_TO_32_BIT_CONVERSION = YES;
				GCC_WARN_ABOUT_RETURN_TYPE = YES_ERROR;
				GCC_WARN_UNDECLARED_SELECTOR = YES;
				GCC_WARN_UNINITIALIZED_AUTOS = YES_AGGRESSIVE;
				GCC_WARN_UNUSED_FUNCTION = YES;
				GCC_WARN_UNUSED_VARIABLE = YES;
				IPHONEOS_DEPLOYMENT_TARGET = 17.0;
				LOCALIZATION_PREFERS_STRING_CATALOGS = YES;
				MTL_ENABLE_DEBUG_INFO = INCLUDE_SOURCE;
				MTL_FAST_MATH = YES;
				ONLY_ACTIVE_ARCH = YES;
				SDKROOT = iphoneos;
				SWIFT_ACTIVE_COMPILATION_CONDITIONS = "DEBUG $(inherited)";
				SWIFT_OPTIMIZATION_LEVEL = "-Onone";
			};
			name = Debug;
		};
		E9BA848F2B9D8A4C00A59542 /* Release */ = {
			isa = XCBuildConfiguration;
			buildSettings = {
				ALWAYS_SEARCH_USER_PATHS = NO;
				ASSETCATALOG_COMPILER_GENERATE_SWIFT_ASSET_SYMBOL_EXTENSIONS = YES;
				CLANG_ANALYZER_NONNULL = YES;
				CLANG_ANALYZER_NUMBER_OBJECT_CONVERSION = YES_AGGRESSIVE;
				CLANG_CXX_LANGUAGE_STANDARD = "gnu++20";
				CLANG_ENABLE_MODULES = YES;
				CLANG_ENABLE_OBJC_ARC = YES;
				CLANG_ENABLE_OBJC_WEAK = YES;
				CLANG_WARN_BLOCK_CAPTURE_AUTORELEASING = YES;
				CLANG_WARN_BOOL_CONVERSION = YES;
				CLANG_WARN_COMMA = YES;
				CLANG_WARN_CONSTANT_CONVERSION = YES;
				CLANG_WARN_DEPRECATED_OBJC_IMPLEMENTATIONS = YES;
				CLANG_WARN_DIRECT_OBJC_ISA_USAGE = YES_ERROR;
				CLANG_WARN_DOCUMENTATION_COMMENTS = YES;
				CLANG_WARN_EMPTY_BODY = YES;
				CLANG_WARN_ENUM_CONVERSION = YES;
				CLANG_WARN_INFINITE_RECURSION = YES;
				CLANG_WARN_INT_CONVERSION = YES;
				CLANG_WARN_NON_LITERAL_NULL_CONVERSION = YES;
				CLANG_WARN_OBJC_IMPLICIT_RETAIN_SELF = YES;
				CLANG_WARN_OBJC_LITERAL_CONVERSION = YES;
				CLANG_WARN_OBJC_ROOT_CLASS = YES_ERROR;
				CLANG_WARN_QUOTED_INCLUDE_IN_FRAMEWORK_HEADER = YES;
				CLANG_WARN_RANGE_LOOP_ANALYSIS = YES;
				CLANG_WARN_STRICT_PROTOTYPES = YES;
				CLANG_WARN_SUSPICIOUS_MOVE = YES;
				CLANG_WARN_UNGUARDED_AVAILABILITY = YES_AGGRESSIVE;
				CLANG_WARN_UNREACHABLE_CODE = YES;
				CLANG_WARN__DUPLICATE_METHOD_MATCH = YES;
				COPY_PHASE_STRIP = NO;
				DEBUG_INFORMATION_FORMAT = "dwarf-with-dsym";
				ENABLE_NS_ASSERTIONS = NO;
				ENABLE_STRICT_OBJC_MSGSEND = YES;
				ENABLE_USER_SCRIPT_SANDBOXING = YES;
				GCC_C_LANGUAGE_STANDARD = gnu17;
				GCC_NO_COMMON_BLOCKS = YES;
				GCC_WARN_64_TO_32_BIT_CONVERSION = YES;
				GCC_WARN_ABOUT_RETURN_TYPE = YES_ERROR;
				GCC_WARN_UNDECLARED_SELECTOR = YES;
				GCC_WARN_UNINITIALIZED_AUTOS = YES_AGGRESSIVE;
				GCC_WARN_UNUSED_FUNCTION = YES;
				GCC_WARN_UNUSED_VARIABLE = YES;
				IPHONEOS_DEPLOYMENT_TARGET = 17.0;
				LOCALIZATION_PREFERS_STRING_CATALOGS = YES;
				MTL_ENABLE_DEBUG_INFO = NO;
				MTL_FAST_MATH = YES;
				SDKROOT = iphoneos;
				SWIFT_COMPILATION_MODE = wholemodule;
				VALIDATE_PRODUCT = YES;
			};
			name = Release;
		};
		E9BA84912B9D8A4C00A59542 /* Debug */ = {
			isa = XCBuildConfiguration;
			buildSettings = {
				ASSETCATALOG_COMPILER_APPICON_NAME = AppIcon;
				ASSETCATALOG_COMPILER_GLOBAL_ACCENT_COLOR_NAME = AccentColor;
				ASSETCATALOG_COMPILER_INCLUDE_ALL_APPICON_ASSETS = NO;
				CODE_SIGN_STYLE = Automatic;
				CURRENT_PROJECT_VERSION = 1;
				DEVELOPMENT_ASSET_PATHS = "\"Instagram/Preview Content\"";
				DEVELOPMENT_TEAM = KH96FSA6YT;
				ENABLE_PREVIEWS = YES;
				GENERATE_INFOPLIST_FILE = YES;
				INFOPLIST_FILE = Instagram/Info.plist;
				INFOPLIST_KEY_UIApplicationSceneManifest_Generation = YES;
				INFOPLIST_KEY_UIApplicationSupportsIndirectInputEvents = YES;
				INFOPLIST_KEY_UILaunchScreen_Generation = YES;
				INFOPLIST_KEY_UIStatusBarHidden = YES;
				INFOPLIST_KEY_UIStatusBarStyle = "";
				INFOPLIST_KEY_UISupportedInterfaceOrientations = "UIInterfaceOrientationLandscapeLeft UIInterfaceOrientationLandscapeRight UIInterfaceOrientationPortrait";
				INFOPLIST_KEY_UISupportedInterfaceOrientations_iPad = "UIInterfaceOrientationLandscapeLeft UIInterfaceOrientationLandscapeRight UIInterfaceOrientationPortrait UIInterfaceOrientationPortraitUpsideDown";
				IPHONEOS_DEPLOYMENT_TARGET = 16.6;
				LD_RUNPATH_SEARCH_PATHS = (
					"$(inherited)",
					"@executable_path/Frameworks",
				);
				MARKETING_VERSION = 1.0;
				PRODUCT_BUNDLE_IDENTIFIER = com.akhilraghav.Instagram;
				PRODUCT_NAME = "$(TARGET_NAME)";
				SUPPORTED_PLATFORMS = "iphoneos iphonesimulator macosx";
				SUPPORTS_MACCATALYST = NO;
				SWIFT_EMIT_LOC_STRINGS = YES;
				SWIFT_VERSION = 5.0;
				TARGETED_DEVICE_FAMILY = "1,2";
			};
			name = Debug;
		};
		E9BA84922B9D8A4C00A59542 /* Release */ = {
			isa = XCBuildConfiguration;
			buildSettings = {
				ASSETCATALOG_COMPILER_APPICON_NAME = AppIcon;
				ASSETCATALOG_COMPILER_GLOBAL_ACCENT_COLOR_NAME = AccentColor;
				ASSETCATALOG_COMPILER_INCLUDE_ALL_APPICON_ASSETS = NO;
				CODE_SIGN_STYLE = Automatic;
				CURRENT_PROJECT_VERSION = 1;
				DEVELOPMENT_ASSET_PATHS = "\"Instagram/Preview Content\"";
				DEVELOPMENT_TEAM = KH96FSA6YT;
				ENABLE_PREVIEWS = YES;
				GENERATE_INFOPLIST_FILE = YES;
				INFOPLIST_FILE = Instagram/Info.plist;
				INFOPLIST_KEY_UIApplicationSceneManifest_Generation = YES;
				INFOPLIST_KEY_UIApplicationSupportsIndirectInputEvents = YES;
				INFOPLIST_KEY_UILaunchScreen_Generation = YES;
				INFOPLIST_KEY_UIStatusBarHidden = YES;
				INFOPLIST_KEY_UIStatusBarStyle = "";
				INFOPLIST_KEY_UISupportedInterfaceOrientations = "UIInterfaceOrientationLandscapeLeft UIInterfaceOrientationLandscapeRight UIInterfaceOrientationPortrait";
				INFOPLIST_KEY_UISupportedInterfaceOrientations_iPad = "UIInterfaceOrientationLandscapeLeft UIInterfaceOrientationLandscapeRight UIInterfaceOrientationPortrait UIInterfaceOrientationPortraitUpsideDown";
				IPHONEOS_DEPLOYMENT_TARGET = 16.6;
				LD_RUNPATH_SEARCH_PATHS = (
					"$(inherited)",
					"@executable_path/Frameworks",
				);
				MARKETING_VERSION = 1.0;
				PRODUCT_BUNDLE_IDENTIFIER = com.akhilraghav.Instagram;
				PRODUCT_NAME = "$(TARGET_NAME)";
				SUPPORTED_PLATFORMS = "iphoneos iphonesimulator macosx";
				SUPPORTS_MACCATALYST = NO;
				SWIFT_EMIT_LOC_STRINGS = YES;
				SWIFT_VERSION = 5.0;
				TARGETED_DEVICE_FAMILY = "1,2";
			};
			name = Release;
		};
/* End XCBuildConfiguration section */

/* Begin XCConfigurationList section */
		E9BA847D2B9D8A4600A59542 /* Build configuration list for PBXProject "Instagram" */ = {
			isa = XCConfigurationList;
			buildConfigurations = (
				E9BA848E2B9D8A4C00A59542 /* Debug */,
				E9BA848F2B9D8A4C00A59542 /* Release */,
			);
			defaultConfigurationIsVisible = 0;
			defaultConfigurationName = Release;
		};
		E9BA84902B9D8A4C00A59542 /* Build configuration list for PBXNativeTarget "Instagram" */ = {
			isa = XCConfigurationList;
			buildConfigurations = (
				E9BA84912B9D8A4C00A59542 /* Debug */,
				E9BA84922B9D8A4C00A59542 /* Release */,
			);
			defaultConfigurationIsVisible = 0;
			defaultConfigurationName = Release;
		};
/* End XCConfigurationList section */
	};
	rootObject = E9BA847A2B9D8A4600A59542 /* Project object */;
}
